// !$*UTF8*$!
{
	archiveVersion = 1;
	classes = {
	};
	objectVersion = 50;
	objects = {

/* Begin PBXBuildFile section */
		F5674A97250122A60021115C /* AppDelegate.swift in Sources */ = {isa = PBXBuildFile; fileRef = F5674A96250122A60021115C /* AppDelegate.swift */; };
		F5674A99250122A60021115C /* SceneDelegate.swift in Sources */ = {isa = PBXBuildFile; fileRef = F5674A98250122A60021115C /* SceneDelegate.swift */; };
		F5674A9B250122A60021115C /* ViewController.swift in Sources */ = {isa = PBXBuildFile; fileRef = F5674A9A250122A60021115C /* ViewController.swift */; };
		F5674A9E250122A60021115C /* Main.storyboard in Resources */ = {isa = PBXBuildFile; fileRef = F5674A9C250122A60021115C /* Main.storyboard */; };
		F5674AA0250122A60021115C /* Assets.xcassets in Resources */ = {isa = PBXBuildFile; fileRef = F5674A9F250122A60021115C /* Assets.xcassets */; };
		F5674AA3250122A60021115C /* LaunchScreen.storyboard in Resources */ = {isa = PBXBuildFile; fileRef = F5674AA1250122A60021115C /* LaunchScreen.storyboard */; };
		F5674AAE250122A60021115C /* MemopadTests.swift in Sources */ = {isa = PBXBuildFile; fileRef = F5674AAD250122A60021115C /* MemopadTests.swift */; };
		F5674AB9250122A70021115C /* MemopadUITests.swift in Sources */ = {isa = PBXBuildFile; fileRef = F5674AB8250122A70021115C /* MemopadUITests.swift */; };
		F5674AC7250123130021115C /* MemoViewController.swift in Sources */ = {isa = PBXBuildFile; fileRef = F5674AC6250123130021115C /* MemoViewController.swift */; };
		F5674AC925021B510021115C /* 編集した画像.jpg in Resources */ = {isa = PBXBuildFile; fileRef = F5674AC825021B510021115C /* 編集した画像.jpg */; };
/* End PBXBuildFile section */

/* Begin PBXContainerItemProxy section */
		F5674AAA250122A60021115C /* PBXContainerItemProxy */ = {
			isa = PBXContainerItemProxy;
			containerPortal = F5674A8B250122A60021115C /* Project object */;
			proxyType = 1;
			remoteGlobalIDString = F5674A92250122A60021115C;
			remoteInfo = Memopad;
		};
		F5674AB5250122A70021115C /* PBXContainerItemProxy */ = {
			isa = PBXContainerItemProxy;
			containerPortal = F5674A8B250122A60021115C /* Project object */;
			proxyType = 1;
			remoteGlobalIDString = F5674A92250122A60021115C;
			remoteInfo = Memopad;
		};
/* End PBXContainerItemProxy section */

/* Begin PBXFileReference section */
		F5674A93250122A60021115C /* Memopad.app */ = {isa = PBXFileReference; explicitFileType = wrapper.application; includeInIndex = 0; path = Memopad.app; sourceTree = BUILT_PRODUCTS_DIR; };
		F5674A96250122A60021115C /* AppDelegate.swift */ = {isa = PBXFileReference; lastKnownFileType = sourcecode.swift; path = AppDelegate.swift; sourceTree = "<group>"; };
		F5674A98250122A60021115C /* SceneDelegate.swift */ = {isa = PBXFileReference; lastKnownFileType = sourcecode.swift; path = SceneDelegate.swift; sourceTree = "<group>"; };
		F5674A9A250122A60021115C /* ViewController.swift */ = {isa = PBXFileReference; lastKnownFileType = sourcecode.swift; path = ViewController.swift; sourceTree = "<group>"; };
		F5674A9D250122A60021115C /* Base */ = {isa = PBXFileReference; lastKnownFileType = file.storyboard; name = Base; path = Base.lproj/Main.storyboard; sourceTree = "<group>"; };
		F5674A9F250122A60021115C /* Assets.xcassets */ = {isa = PBXFileReference; lastKnownFileType = folder.assetcatalog; path = Assets.xcassets; sourceTree = "<group>"; };
		F5674AA2250122A60021115C /* Base */ = {isa = PBXFileReference; lastKnownFileType = file.storyboard; name = Base; path = Base.lproj/LaunchScreen.storyboard; sourceTree = "<group>"; };
		F5674AA4250122A60021115C /* Info.plist */ = {isa = PBXFileReference; lastKnownFileType = text.plist.xml; path = Info.plist; sourceTree = "<group>"; };
		F5674AA9250122A60021115C /* MemopadTests.xctest */ = {isa = PBXFileReference; explicitFileType = wrapper.cfbundle; includeInIndex = 0; path = MemopadTests.xctest; sourceTree = BUILT_PRODUCTS_DIR; };
		F5674AAD250122A60021115C /* MemopadTests.swift */ = {isa = PBXFileReference; lastKnownFileType = sourcecode.swift; path = MemopadTests.swift; sourceTree = "<group>"; };
		F5674AAF250122A60021115C /* Info.plist */ = {isa = PBXFileReference; lastKnownFileType = text.plist.xml; path = Info.plist; sourceTree = "<group>"; };
		F5674AB4250122A70021115C /* MemopadUITests.xctest */ = {isa = PBXFileReference; explicitFileType = wrapper.cfbundle; includeInIndex = 0; path = MemopadUITests.xctest; sourceTree = BUILT_PRODUCTS_DIR; };
		F5674AB8250122A70021115C /* MemopadUITests.swift */ = {isa = PBXFileReference; lastKnownFileType = sourcecode.swift; path = MemopadUITests.swift; sourceTree = "<group>"; };
		F5674ABA250122A70021115C /* Info.plist */ = {isa = PBXFileReference; lastKnownFileType = text.plist.xml; path = Info.plist; sourceTree = "<group>"; };
		F5674AC6250123130021115C /* MemoViewController.swift */ = {isa = PBXFileReference; lastKnownFileType = sourcecode.swift; path = MemoViewController.swift; sourceTree = "<group>"; };
		F5674AC825021B510021115C /* 編集した画像.jpg */ = {isa = PBXFileReference; lastKnownFileType = image.jpeg; path = "編集した画像.jpg"; sourceTree = "<group>"; };
/* End PBXFileReference section */

/* Begin PBXFrameworksBuildPhase section */
		F5674A90250122A60021115C /* Frameworks */ = {
			isa = PBXFrameworksBuildPhase;
			buildActionMask = 2147483647;
			files = (
			);
			runOnlyForDeploymentPostprocessing = 0;
		};
		F5674AA6250122A60021115C /* Frameworks */ = {
			isa = PBXFrameworksBuildPhase;
			buildActionMask = 2147483647;
			files = (
			);
			runOnlyForDeploymentPostprocessing = 0;
		};
		F5674AB1250122A70021115C /* Frameworks */ = {
			isa = PBXFrameworksBuildPhase;
			buildActionMask = 2147483647;
			files = (
			);
			runOnlyForDeploymentPostprocessing = 0;
		};
/* End PBXFrameworksBuildPhase section */

/* Begin PBXGroup section */
		F5674A8A250122A60021115C = {
			isa = PBXGroup;
			children = (
				F5674A95250122A60021115C /* Memopad */,
				F5674AAC250122A60021115C /* MemopadTests */,
				F5674AB7250122A70021115C /* MemopadUITests */,
				F5674A94250122A60021115C /* Products */,
			);
			sourceTree = "<group>";
		};
		F5674A94250122A60021115C /* Products */ = {
			isa = PBXGroup;
			children = (
				F5674A93250122A60021115C /* Memopad.app */,
				F5674AA9250122A60021115C /* MemopadTests.xctest */,
				F5674AB4250122A70021115C /* MemopadUITests.xctest */,
			);
			name = Products;
			sourceTree = "<group>";
		};
		F5674A95250122A60021115C /* Memopad */ = {
			isa = PBXGroup;
			children = (
				F5674AC825021B510021115C /* 編集した画像.jpg */,
				F5674A96250122A60021115C /* AppDelegate.swift */,
				F5674A98250122A60021115C /* SceneDelegate.swift */,
				F5674A9A250122A60021115C /* ViewController.swift */,
				F5674AC6250123130021115C /* MemoViewController.swift */,
				F5674A9C250122A60021115C /* Main.storyboard */,
				F5674A9F250122A60021115C /* Assets.xcassets */,
				F5674AA1250122A60021115C /* LaunchScreen.storyboard */,
				F5674AA4250122A60021115C /* Info.plist */,
			);
			path = Memopad;
			sourceTree = "<group>";
		};
		F5674AAC250122A60021115C /* MemopadTests */ = {
			isa = PBXGroup;
			children = (
				F5674AAD250122A60021115C /* MemopadTests.swift */,
				F5674AAF250122A60021115C /* Info.plist */,
			);
			path = MemopadTests;
			sourceTree = "<group>";
		};
		F5674AB7250122A70021115C /* MemopadUITests */ = {
			isa = PBXGroup;
			children = (
				F5674AB8250122A70021115C /* MemopadUITests.swift */,
				F5674ABA250122A70021115C /* Info.plist */,
			);
			path = MemopadUITests;
			sourceTree = "<group>";
		};
/* End PBXGroup section */

/* Begin PBXNativeTarget section */
		F5674A92250122A60021115C /* Memopad */ = {
			isa = PBXNativeTarget;
			buildConfigurationList = F5674ABD250122A70021115C /* Build configuration list for PBXNativeTarget "Memopad" */;
			buildPhases = (
				F5674A8F250122A60021115C /* Sources */,
				F5674A90250122A60021115C /* Frameworks */,
				F5674A91250122A60021115C /* Resources */,
			);
			buildRules = (
			);
			dependencies = (
			);
			name = Memopad;
			productName = Memopad;
			productReference = F5674A93250122A60021115C /* Memopad.app */;
			productType = "com.apple.product-type.application";
		};
		F5674AA8250122A60021115C /* MemopadTests */ = {
			isa = PBXNativeTarget;
			buildConfigurationList = F5674AC0250122A70021115C /* Build configuration list for PBXNativeTarget "MemopadTests" */;
			buildPhases = (
				F5674AA5250122A60021115C /* Sources */,
				F5674AA6250122A60021115C /* Frameworks */,
				F5674AA7250122A60021115C /* Resources */,
			);
			buildRules = (
			);
			dependencies = (
				F5674AAB250122A60021115C /* PBXTargetDependency */,
			);
			name = MemopadTests;
			productName = MemopadTests;
			productReference = F5674AA9250122A60021115C /* MemopadTests.xctest */;
			productType = "com.apple.product-type.bundle.unit-test";
		};
		F5674AB3250122A70021115C /* MemopadUITests */ = {
			isa = PBXNativeTarget;
			buildConfigurationList = F5674AC3250122A70021115C /* Build configuration list for PBXNativeTarget "MemopadUITests" */;
			buildPhases = (
				F5674AB0250122A70021115C /* Sources */,
				F5674AB1250122A70021115C /* Frameworks */,
				F5674AB2250122A70021115C /* Resources */,
			);
			buildRules = (
			);
			dependencies = (
				F5674AB6250122A70021115C /* PBXTargetDependency */,
			);
			name = MemopadUITests;
			productName = MemopadUITests;
			productReference = F5674AB4250122A70021115C /* MemopadUITests.xctest */;
			productType = "com.apple.product-type.bundle.ui-testing";
		};
/* End PBXNativeTarget section */

/* Begin PBXProject section */
		F5674A8B250122A60021115C /* Project object */ = {
			isa = PBXProject;
			attributes = {
				LastSwiftUpdateCheck = 1170;
				LastUpgradeCheck = 1170;
				ORGANIZATIONNAME = "Haruko Okada";
				TargetAttributes = {
					F5674A92250122A60021115C = {
						CreatedOnToolsVersion = 11.7;
					};
					F5674AA8250122A60021115C = {
						CreatedOnToolsVersion = 11.7;
						TestTargetID = F5674A92250122A60021115C;
					};
					F5674AB3250122A70021115C = {
						CreatedOnToolsVersion = 11.7;
						TestTargetID = F5674A92250122A60021115C;
					};
				};
			};
			buildConfigurationList = F5674A8E250122A60021115C /* Build configuration list for PBXProject "Memopad" */;
			compatibilityVersion = "Xcode 9.3";
			developmentRegion = en;
			hasScannedForEncodings = 0;
			knownRegions = (
				en,
				Base,
			);
			mainGroup = F5674A8A250122A60021115C;
			productRefGroup = F5674A94250122A60021115C /* Products */;
			projectDirPath = "";
			projectRoot = "";
			targets = (
				F5674A92250122A60021115C /* Memopad */,
				F5674AA8250122A60021115C /* MemopadTests */,
				F5674AB3250122A70021115C /* MemopadUITests */,
			);
		};
/* End PBXProject section */

/* Begin PBXResourcesBuildPhase section */
		F5674A91250122A60021115C /* Resources */ = {
			isa = PBXResourcesBuildPhase;
			buildActionMask = 2147483647;
			files = (
				F5674AA3250122A60021115C /* LaunchScreen.storyboard in Resources */,
				F5674AA0250122A60021115C /* Assets.xcassets in Resources */,
				F5674A9E250122A60021115C /* Main.storyboard in Resources */,
				F5674AC925021B510021115C /* 編集した画像.jpg in Resources */,
			);
			runOnlyForDeploymentPostprocessing = 0;
		};
		F5674AA7250122A60021115C /* Resources */ = {
			isa = PBXResourcesBuildPhase;
			buildActionMask = 2147483647;
			files = (
			);
			runOnlyForDeploymentPostprocessing = 0;
		};
		F5674AB2250122A70021115C /* Resources */ = {
			isa = PBXResourcesBuildPhase;
			buildActionMask = 2147483647;
			files = (
			);
			runOnlyForDeploymentPostprocessing = 0;
		};
/* End PBXResourcesBuildPhase section */

/* Begin PBXSourcesBuildPhase section */
		F5674A8F250122A60021115C /* Sources */ = {
			isa = PBXSourcesBuildPhase;
			buildActionMask = 2147483647;
			files = (
				F5674AC7250123130021115C /* MemoViewController.swift in Sources */,
				F5674A9B250122A60021115C /* ViewController.swift in Sources */,
				F5674A97250122A60021115C /* AppDelegate.swift in Sources */,
				F5674A99250122A60021115C /* SceneDelegate.swift in Sources */,
			);
			runOnlyForDeploymentPostprocessing = 0;
		};
		F5674AA5250122A60021115C /* Sources */ = {
			isa = PBXSourcesBuildPhase;
			buildActionMask = 2147483647;
			files = (
				F5674AAE250122A60021115C /* MemopadTests.swift in Sources */,
			);
			runOnlyForDeploymentPostprocessing = 0;
		};
		F5674AB0250122A70021115C /* Sources */ = {
			isa = PBXSourcesBuildPhase;
			buildActionMask = 2147483647;
			files = (
				F5674AB9250122A70021115C /* MemopadUITests.swift in Sources */,
			);
			runOnlyForDeploymentPostprocessing = 0;
		};
/* End PBXSourcesBuildPhase section */

/* Begin PBXTargetDependency section */
		F5674AAB250122A60021115C /* PBXTargetDependency */ = {
			isa = PBXTargetDependency;
			target = F5674A92250122A60021115C /* Memopad */;
			targetProxy = F5674AAA250122A60021115C /* PBXContainerItemProxy */;
		};
		F5674AB6250122A70021115C /* PBXTargetDependency */ = {
			isa = PBXTargetDependency;
			target = F5674A92250122A60021115C /* Memopad */;
			targetProxy = F5674AB5250122A70021115C /* PBXContainerItemProxy */;
		};
/* End PBXTargetDependency section */

/* Begin PBXVariantGroup section */
		F5674A9C250122A60021115C /* Main.storyboard */ = {
			isa = PBXVariantGroup;
			children = (
				F5674A9D250122A60021115C /* Base */,
			);
			name = Main.storyboard;
			sourceTree = "<group>";
		};
		F5674AA1250122A60021115C /* LaunchScreen.storyboard */ = {
			isa = PBXVariantGroup;
			children = (
				F5674AA2250122A60021115C /* Base */,
			);
			name = LaunchScreen.storyboard;
			sourceTree = "<group>";
		};
/* End PBXVariantGroup section */

/* Begin XCBuildConfiguration section */
		F5674ABB250122A70021115C /* Debug */ = {
			isa = XCBuildConfiguration;
			buildSettings = {
				ALWAYS_SEARCH_USER_PATHS = NO;
				CLANG_ANALYZER_NONNULL = YES;
				CLANG_ANALYZER_NUMBER_OBJECT_CONVERSION = YES_AGGRESSIVE;
				CLANG_CXX_LANGUAGE_STANDARD = "gnu++14";
				CLANG_CXX_LIBRARY = "libc++";
				CLANG_ENABLE_MODULES = YES;
				CLANG_ENABLE_OBJC_ARC = YES;
				CLANG_ENABLE_OBJC_WEAK = YES;
				CLANG_WARN_BLOCK_CAPTURE_AUTORELEASING = YES;
				CLANG_WARN_BOOL_CONVERSION = YES;
				CLANG_WARN_COMMA = YES;
				CLANG_WARN_CONSTANT_CONVERSION = YES;
				CLANG_WARN_DEPRECATED_OBJC_IMPLEMENTATIONS = YES;
				CLANG_WARN_DIRECT_OBJC_ISA_USAGE = YES_ERROR;
				CLANG_WARN_DOCUMENTATION_COMMENTS = YES;
				CLANG_WARN_EMPTY_BODY = YES;
				CLANG_WARN_ENUM_CONVERSION = YES;
				CLANG_WARN_INFINITE_RECURSION = YES;
				CLANG_WARN_INT_CONVERSION = YES;
				CLANG_WARN_NON_LITERAL_NULL_CONVERSION = YES;
				CLANG_WARN_OBJC_IMPLICIT_RETAIN_SELF = YES;
				CLANG_WARN_OBJC_LITERAL_CONVERSION = YES;
				CLANG_WARN_OBJC_ROOT_CLASS = YES_ERROR;
				CLANG_WARN_RANGE_LOOP_ANALYSIS = YES;
				CLANG_WARN_STRICT_PROTOTYPES = YES;
				CLANG_WARN_SUSPICIOUS_MOVE = YES;
				CLANG_WARN_UNGUARDED_AVAILABILITY = YES_AGGRESSIVE;
				CLANG_WARN_UNREACHABLE_CODE = YES;
				CLANG_WARN__DUPLICATE_METHOD_MATCH = YES;
				COPY_PHASE_STRIP = NO;
				DEBUG_INFORMATION_FORMAT = dwarf;
				ENABLE_STRICT_OBJC_MSGSEND = YES;
				ENABLE_TESTABILITY = YES;
				GCC_C_LANGUAGE_STANDARD = gnu11;
				GCC_DYNAMIC_NO_PIC = NO;
				GCC_NO_COMMON_BLOCKS = YES;
				GCC_OPTIMIZATION_LEVEL = 0;
				GCC_PREPROCESSOR_DEFINITIONS = (
					"DEBUG=1",
					"$(inherited)",
				);
				GCC_WARN_64_TO_32_BIT_CONVERSION = YES;
				GCC_WARN_ABOUT_RETURN_TYPE = YES_ERROR;
				GCC_WARN_UNDECLARED_SELECTOR = YES;
				GCC_WARN_UNINITIALIZED_AUTOS = YES_AGGRESSIVE;
				GCC_WARN_UNUSED_FUNCTION = YES;
				GCC_WARN_UNUSED_VARIABLE = YES;
				IPHONEOS_DEPLOYMENT_TARGET = 13.7;
				MTL_ENABLE_DEBUG_INFO = INCLUDE_SOURCE;
				MTL_FAST_MATH = YES;
				ONLY_ACTIVE_ARCH = YES;
				SDKROOT = iphoneos;
				SWIFT_ACTIVE_COMPILATION_CONDITIONS = DEBUG;
				SWIFT_OPTIMIZATION_LEVEL = "-Onone";
			};
			name = Debug;
		};
		F5674ABC250122A70021115C /* Release */ = {
			isa = XCBuildConfiguration;
			buildSettings = {
				ALWAYS_SEARCH_USER_PATHS = NO;
				CLANG_ANALYZER_NONNULL = YES;
				CLANG_ANALYZER_NUMBER_OBJECT_CONVERSION = YES_AGGRESSIVE;
				CLANG_CXX_LANGUAGE_STANDARD = "gnu++14";
				CLANG_CXX_LIBRARY = "libc++";
				CLANG_ENABLE_MODULES = YES;
				CLANG_ENABLE_OBJC_ARC = YES;
				CLANG_ENABLE_OBJC_WEAK = YES;
				CLANG_WARN_BLOCK_CAPTURE_AUTORELEASING = YES;
				CLANG_WARN_BOOL_CONVERSION = YES;
				CLANG_WARN_COMMA = YES;
				CLANG_WARN_CONSTANT_CONVERSION = YES;
				CLANG_WARN_DEPRECATED_OBJC_IMPLEMENTATIONS = YES;
				CLANG_WARN_DIRECT_OBJC_ISA_USAGE = YES_ERROR;
				CLANG_WARN_DOCUMENTATION_COMMENTS = YES;
				CLANG_WARN_EMPTY_BODY = YES;
				CLANG_WARN_ENUM_CONVERSION = YES;
				CLANG_WARN_INFINITE_RECURSION = YES;
				CLANG_WARN_INT_CONVERSION = YES;
				CLANG_WARN_NON_LITERAL_NULL_CONVERSION = YES;
				CLANG_WARN_OBJC_IMPLICIT_RETAIN_SELF = YES;
				CLANG_WARN_OBJC_LITERAL_CONVERSION = YES;
				CLANG_WARN_OBJC_ROOT_CLASS = YES_ERROR;
				CLANG_WARN_RANGE_LOOP_ANALYSIS = YES;
				CLANG_WARN_STRICT_PROTOTYPES = YES;
				CLANG_WARN_SUSPICIOUS_MOVE = YES;
				CLANG_WARN_UNGUARDED_AVAILABILITY = YES_AGGRESSIVE;
				CLANG_WARN_UNREACHABLE_CODE = YES;
				CLANG_WARN__DUPLICATE_METHOD_MATCH = YES;
				COPY_PHASE_STRIP = NO;
				DEBUG_INFORMATION_FORMAT = "dwarf-with-dsym";
				ENABLE_NS_ASSERTIONS = NO;
				ENABLE_STRICT_OBJC_MSGSEND = YES;
				GCC_C_LANGUAGE_STANDARD = gnu11;
				GCC_NO_COMMON_BLOCKS = YES;
				GCC_WARN_64_TO_32_BIT_CONVERSION = YES;
				GCC_WARN_ABOUT_RETURN_TYPE = YES_ERROR;
				GCC_WARN_UNDECLARED_SELECTOR = YES;
				GCC_WARN_UNINITIALIZED_AUTOS = YES_AGGRESSIVE;
				GCC_WARN_UNUSED_FUNCTION = YES;
				GCC_WARN_UNUSED_VARIABLE = YES;
				IPHONEOS_DEPLOYMENT_TARGET = 13.7;
				MTL_ENABLE_DEBUG_INFO = NO;
				MTL_FAST_MATH = YES;
				SDKROOT = iphoneos;
				SWIFT_COMPILATION_MODE = wholemodule;
				SWIFT_OPTIMIZATION_LEVEL = "-O";
				VALIDATE_PRODUCT = YES;
			};
			name = Release;
		};
		F5674ABE250122A70021115C /* Debug */ = {
			isa = XCBuildConfiguration;
			buildSettings = {
				ASSETCATALOG_COMPILER_APPICON_NAME = AppIcon;
				CODE_SIGN_STYLE = Automatic;
				INFOPLIST_FILE = Memopad/Info.plist;
				LD_RUNPATH_SEARCH_PATHS = (
					"$(inherited)",
					"@executable_path/Frameworks",
				);
				PRODUCT_BUNDLE_IDENTIFIER = harooks.Memopad;
				PRODUCT_NAME = "$(TARGET_NAME)";
				SWIFT_VERSION = 5.0;
				TARGETED_DEVICE_FAMILY = "1,2";
			};
			name = Debug;
		};
		F5674ABF250122A70021115C /* Release */ = {
			isa = XCBuildConfiguration;
			buildSettings = {
				ASSETCATALOG_COMPILER_APPICON_NAME = AppIcon;
				CODE_SIGN_STYLE = Automatic;
				INFOPLIST_FILE = Memopad/Info.plist;
				LD_RUNPATH_SEARCH_PATHS = (
					"$(inherited)",
					"@executable_path/Frameworks",
				);
				PRODUCT_BUNDLE_IDENTIFIER = harooks.Memopad;
				PRODUCT_NAME = "$(TARGET_NAME)";
				SWIFT_VERSION = 5.0;
				TARGETED_DEVICE_FAMILY = "1,2";
			};
			name = Release;
		};
		F5674AC1250122A70021115C /* Debug */ = {
			isa = XCBuildConfiguration;
			buildSettings = {
				ALWAYS_EMBED_SWIFT_STANDARD_LIBRARIES = YES;
				BUNDLE_LOADER = "$(TEST_HOST)";
				CODE_SIGN_STYLE = Automatic;
				INFOPLIST_FILE = MemopadTests/Info.plist;
				IPHONEOS_DEPLOYMENT_TARGET = 13.7;
				LD_RUNPATH_SEARCH_PATHS = (
					"$(inherited)",
					"@executable_path/Frameworks",
					"@loader_path/Frameworks",
				);
				PRODUCT_BUNDLE_IDENTIFIER = harooks.MemopadTests;
				PRODUCT_NAME = "$(TARGET_NAME)";
				SWIFT_VERSION = 5.0;
				TARGETED_DEVICE_FAMILY = "1,2";
				TEST_HOST = "$(BUILT_PRODUCTS_DIR)/Memopad.app/Memopad";
			};
			name = Debug;
		};
		F5674AC2250122A70021115C /* Release */ = {
			isa = XCBuildConfiguration;
			buildSettings = {
				ALWAYS_EMBED_SWIFT_STANDARD_LIBRARIES = YES;
				BUNDLE_LOADER = "$(TEST_HOST)";
				CODE_SIGN_STYLE = Automatic;
				INFOPLIST_FILE = MemopadTests/Info.plist;
				IPHONEOS_DEPLOYMENT_TARGET = 13.7;
				LD_RUNPATH_SEARCH_PATHS = (
					"$(inherited)",
					"@executable_path/Frameworks",
					"@loader_path/Frameworks",
				);
				PRODUCT_BUNDLE_IDENTIFIER = harooks.MemopadTests;
				PRODUCT_NAME = "$(TARGET_NAME)";
				SWIFT_VERSION = 5.0;
				TARGETED_DEVICE_FAMILY = "1,2";
				TEST_HOST = "$(BUILT_PRODUCTS_DIR)/Memopad.app/Memopad";
			};
			name = Release;
		};
		F5674AC4250122A70021115C /* Debug */ = {
			isa = XCBuildConfiguration;
			buildSettings = {
				ALWAYS_EMBED_SWIFT_STANDARD_LIBRARIES = YES;
				CODE_SIGN_STYLE = Automatic;
				INFOPLIST_FILE = MemopadUITests/Info.plist;
				LD_RUNPATH_SEARCH_PATHS = (
					"$(inherited)",
					"@executable_path/Frameworks",
					"@loader_path/Frameworks",
				);
				PRODUCT_BUNDLE_IDENTIFIER = harooks.MemopadUITests;
				PRODUCT_NAME = "$(TARGET_NAME)";
				SWIFT_VERSION = 5.0;
				TARGETED_DEVICE_FAMILY = "1,2";
				TEST_TARGET_NAME = Memopad;
			};
			name = Debug;
		};
		F5674AC5250122A70021115C /* Release */ = {
			isa = XCBuildConfiguration;
			buildSettings = {
				ALWAYS_EMBED_SWIFT_STANDARD_LIBRARIES = YES;
				CODE_SIGN_STYLE = Automatic;
				INFOPLIST_FILE = MemopadUITests/Info.plist;
				LD_RUNPATH_SEARCH_PATHS = (
					"$(inherited)",
					"@executable_path/Frameworks",
					"@loader_path/Frameworks",
				);
				PRODUCT_BUNDLE_IDENTIFIER = harooks.MemopadUITests;
				PRODUCT_NAME = "$(TARGET_NAME)";
				SWIFT_VERSION = 5.0;
				TARGETED_DEVICE_FAMILY = "1,2";
				TEST_TARGET_NAME = Memopad;
			};
			name = Release;
		};
/* End XCBuildConfiguration section */

/* Begin XCConfigurationList section */
		F5674A8E250122A60021115C /* Build configuration list for PBXProject "Memopad" */ = {
			isa = XCConfigurationList;
			buildConfigurations = (
				F5674ABB250122A70021115C /* Debug */,
				F5674ABC250122A70021115C /* Release */,
			);
			defaultConfigurationIsVisible = 0;
			defaultConfigurationName = Release;
		};
		F5674ABD250122A70021115C /* Build configuration list for PBXNativeTarget "Memopad" */ = {
			isa = XCConfigurationList;
			buildConfigurations = (
				F5674ABE250122A70021115C /* Debug */,
				F5674ABF250122A70021115C /* Release */,
			);
			defaultConfigurationIsVisible = 0;
			defaultConfigurationName = Release;
		};
		F5674AC0250122A70021115C /* Build configuration list for PBXNativeTarget "MemopadTests" */ = {
			isa = XCConfigurationList;
			buildConfigurations = (
				F5674AC1250122A70021115C /* Debug */,
				F5674AC2250122A70021115C /* Release */,
			);
			defaultConfigurationIsVisible = 0;
			defaultConfigurationName = Release;
		};
		F5674AC3250122A70021115C /* Build configuration list for PBXNativeTarget "MemopadUITests" */ = {
			isa = XCConfigurationList;
			buildConfigurations = (
				F5674AC4250122A70021115C /* Debug */,
				F5674AC5250122A70021115C /* Release */,
			);
			defaultConfigurationIsVisible = 0;
			defaultConfigurationName = Release;
		};
/* End XCConfigurationList section */
	};
	rootObject = F5674A8B250122A60021115C /* Project object */;
}
